
Microsoft Visual Studio Solution File, Format Version 12.00
# Visual Studio Version 16
VisualStudioVersion = 16.0.31424.327
MinimumVisualStudioVersion = 10.0.40219.1
Project("{9A19103F-16F7-4668-BE54-9A1E7A4F7556}") = "TeamServer", "TeamServer\TeamServer.csproj", "{E9501397-8E99-48B4-A63D-FAEBD556F698}"
EndProject
Project("{9A19103F-16F7-4668-BE54-9A1E7A4F7556}") = "SharpC2.API", "SharpC2.API\SharpC2.API.csproj", "{BB9264AB-AA88-4688-B5E9-CA6CA3BDE4A7}"
EndProject
Project("{9A19103F-16F7-4668-BE54-9A1E7A4F7556}") = "Client", "Client\Client.csproj", "{C45F4099-7EEA-476C-8989-0709018879D4}"
EndProject
Project("{9A19103F-16F7-4668-BE54-9A1E7A4F7556}") = "Drone", "Drone\Drone.csproj", "{F0143C8C-EF61-4304-BBF2-DC52AFC3DE46}"
EndProject
Project("{2150E333-8FDC-42A3-9474-1A3956D46DE8}") = "DroneModules", "DroneModules", "{FBBB313E-E530-4A71-8807-F6ADE585FC47}"
EndProject
Project("{9A19103F-16F7-4668-BE54-9A1E7A4F7556}") = "StandardModule", "DroneModules\StandardModule\StandardModule.csproj", "{63D202F5-980C-4AFC-ABA7-3F109CEB61A9}"
EndProject
Project("{9A19103F-16F7-4668-BE54-9A1E7A4F7556}") = "SocketModule", "DroneModules\SocketModule\SocketModule.csproj", "{1F52491C-5F8C-44D5-8928-E47F20834870}"
EndProject
Project("{9A19103F-16F7-4668-BE54-9A1E7A4F7556}") = "TokenModule", "DroneModules\TokenModule\TokenModule.csproj", "{CC6A420E-5F18-493E-A053-3EFD7E06447F}"
EndProject
Project("{2150E333-8FDC-42A3-9474-1A3956D46DE8}") = "DroneStagers", "DroneStagers", "{BE8CF52D-7448-488B-AED2-215E8E703D3A}"
EndProject
Project("{9A19103F-16F7-4668-BE54-9A1E7A4F7556}") = "DroneService", "DroneStagers\DroneService\DroneService.csproj", "{A5C4FD62-DA9D-4DE0-AF57-342D100A8C10}"
EndProject
Project("{2150E333-8FDC-42A3-9474-1A3956D46DE8}") = "Tools", "Tools", "{3FBBDB50-C3AA-484F-BE09-36BF80A7C92B}"
EndProject
Project("{FAE04EC0-301F-11D3-BF4B-00C04F79EFBC}") = "C2Lint", "Tools\C2Lint\C2Lint.csproj", "{2462BD40-7B66-4067-9106-0DDE5D10B6D8}"
EndProject
Project("{FAE04EC0-301F-11D3-BF4B-00C04F79EFBC}") = "SharpC2.API.IntegrationTests", "SharpC2.API.IntegrationTests\SharpC2.API.IntegrationTests.csproj", "{CF867055-E75D-4817-986C-50F04E06F1BE}"
EndProject
Project("{FAE04EC0-301F-11D3-BF4B-00C04F79EFBC}") = "PowerShellModule", "DroneModules\PowerShellModule\PowerShellModule.csproj", "{B6976E5C-2A57-40E7-B294-1BAE9563F2E7}"
EndProject
Project("{FAE04EC0-301F-11D3-BF4B-00C04F79EFBC}") = "SshModule", "DroneModules\SshModule\SshModule.csproj", "{BA6D4B13-0D28-4E18-B7DA-EA3FA85E4D5C}"
EndProject
Global
	GlobalSection(SolutionConfigurationPlatforms) = preSolution
		Debug|Any CPU = Debug|Any CPU
		Release|Any CPU = Release|Any CPU
	EndGlobalSection
	GlobalSection(ProjectConfigurationPlatforms) = postSolution
		{E9501397-8E99-48B4-A63D-FAEBD556F698}.Debug|Any CPU.ActiveCfg = Debug|Any CPU
		{E9501397-8E99-48B4-A63D-FAEBD556F698}.Debug|Any CPU.Build.0 = Debug|Any CPU
		{E9501397-8E99-48B4-A63D-FAEBD556F698}.Release|Any CPU.ActiveCfg = Release|Any CPU
		{E9501397-8E99-48B4-A63D-FAEBD556F698}.Release|Any CPU.Build.0 = Release|Any CPU
		{BB9264AB-AA88-4688-B5E9-CA6CA3BDE4A7}.Debug|Any CPU.ActiveCfg = Debug|Any CPU
		{BB9264AB-AA88-4688-B5E9-CA6CA3BDE4A7}.Debug|Any CPU.Build.0 = Debug|Any CPU
		{BB9264AB-AA88-4688-B5E9-CA6CA3BDE4A7}.Release|Any CPU.ActiveCfg = Release|Any CPU
		{BB9264AB-AA88-4688-B5E9-CA6CA3BDE4A7}.Release|Any CPU.Build.0 = Release|Any CPU
		{C45F4099-7EEA-476C-8989-0709018879D4}.Debug|Any CPU.ActiveCfg = Debug|Any CPU
		{C45F4099-7EEA-476C-8989-0709018879D4}.Debug|Any CPU.Build.0 = Debug|Any CPU
		{C45F4099-7EEA-476C-8989-0709018879D4}.Release|Any CPU.ActiveCfg = Release|Any CPU
		{C45F4099-7EEA-476C-8989-0709018879D4}.Release|Any CPU.Build.0 = Release|Any CPU
		{F0143C8C-EF61-4304-BBF2-DC52AFC3DE46}.Release|Any CPU.ActiveCfg = Release|Any CPU
		{F0143C8C-EF61-4304-BBF2-DC52AFC3DE46}.Release|Any CPU.Build.0 = Release|Any CPU
		{F0143C8C-EF61-4304-BBF2-DC52AFC3DE46}.Debug|Any CPU.ActiveCfg = Debug|Any CPU
		{F0143C8C-EF61-4304-BBF2-DC52AFC3DE46}.Debug|Any CPU.Build.0 = Debug|Any CPU
		{63D202F5-980C-4AFC-ABA7-3F109CEB61A9}.Release|Any CPU.ActiveCfg = Release|Any CPU
		{63D202F5-980C-4AFC-ABA7-3F109CEB61A9}.Release|Any CPU.Build.0 = Release|Any CPU
		{63D202F5-980C-4AFC-ABA7-3F109CEB61A9}.Debug|Any CPU.ActiveCfg = Debug|Any CPU
		{63D202F5-980C-4AFC-ABA7-3F109CEB61A9}.Debug|Any CPU.Build.0 = Debug|Any CPU
		{1F52491C-5F8C-44D5-8928-E47F20834870}.Release|Any CPU.ActiveCfg = Release|Any CPU
		{1F52491C-5F8C-44D5-8928-E47F20834870}.Release|Any CPU.Build.0 = Release|Any CPU
		{1F52491C-5F8C-44D5-8928-E47F20834870}.Debug|Any CPU.ActiveCfg = Debug|Any CPU
		{1F52491C-5F8C-44D5-8928-E47F20834870}.Debug|Any CPU.Build.0 = Debug|Any CPU
		{CC6A420E-5F18-493E-A053-3EFD7E06447F}.Release|Any CPU.ActiveCfg = Release|Any CPU
		{CC6A420E-5F18-493E-A053-3EFD7E06447F}.Release|Any CPU.Build.0 = Release|Any CPU
		{CC6A420E-5F18-493E-A053-3EFD7E06447F}.Debug|Any CPU.ActiveCfg = Debug|Any CPU
		{CC6A420E-5F18-493E-A053-3EFD7E06447F}.Debug|Any CPU.Build.0 = Debug|Any CPU
		{A5C4FD62-DA9D-4DE0-AF57-342D100A8C10}.Release|Any CPU.ActiveCfg = Release|Any CPU
		{A5C4FD62-DA9D-4DE0-AF57-342D100A8C10}.Release|Any CPU.Build.0 = Release|Any CPU
		{A5C4FD62-DA9D-4DE0-AF57-342D100A8C10}.Debug|Any CPU.ActiveCfg = Debug|Any CPU
		{A5C4FD62-DA9D-4DE0-AF57-342D100A8C10}.Debug|Any CPU.Build.0 = Debug|Any CPU
		{2462BD40-7B66-4067-9106-0DDE5D10B6D8}.Debug|Any CPU.ActiveCfg = Debug|Any CPU
		{2462BD40-7B66-4067-9106-0DDE5D10B6D8}.Debug|Any CPU.Build.0 = Debug|Any CPU
		{2462BD40-7B66-4067-9106-0DDE5D10B6D8}.Release|Any CPU.ActiveCfg = Release|Any CPU
		{2462BD40-7B66-4067-9106-0DDE5D10B6D8}.Release|Any CPU.Build.0 = Release|Any CPU
		{CF867055-E75D-4817-986C-50F04E06F1BE}.Debug|Any CPU.ActiveCfg = Debug|Any CPU
		{CF867055-E75D-4817-986C-50F04E06F1BE}.Debug|Any CPU.Build.0 = Debug|Any CPU
		{CF867055-E75D-4817-986C-50F04E06F1BE}.Release|Any CPU.ActiveCfg = Release|Any CPU
		{CF867055-E75D-4817-986C-50F04E06F1BE}.Release|Any CPU.Build.0 = Release|Any CPU
		{B6976E5C-2A57-40E7-B294-1BAE9563F2E7}.Debug|Any CPU.ActiveCfg = Debug|Any CPU
		{B6976E5C-2A57-40E7-B294-1BAE9563F2E7}.Debug|Any CPU.Build.0 = Debug|Any CPU
		{B6976E5C-2A57-40E7-B294-1BAE9563F2E7}.Release|Any CPU.ActiveCfg = Release|Any CPU
		{B6976E5C-2A57-40E7-B294-1BAE9563F2E7}.Release|Any CPU.Build.0 = Release|Any CPU
		{BA6D4B13-0D28-4E18-B7DA-EA3FA85E4D5C}.Debug|Any CPU.ActiveCfg = Debug|Any CPU
		{BA6D4B13-0D28-4E18-B7DA-EA3FA85E4D5C}.Debug|Any CPU.Build.0 = Debug|Any CPU
		{BA6D4B13-0D28-4E18-B7DA-EA3FA85E4D5C}.Release|Any CPU.ActiveCfg = Release|Any CPU
		{BA6D4B13-0D28-4E18-B7DA-EA3FA85E4D5C}.Release|Any CPU.Build.0 = Release|Any CPU
	EndGlobalSection
	GlobalSection(SolutionProperties) = preSolution
		HideSolutionNode = FALSE
	EndGlobalSection
	GlobalSection(NestedProjects) = preSolution
		{63D202F5-980C-4AFC-ABA7-3F109CEB61A9} = {FBBB313E-E530-4A71-8807-F6ADE585FC47}
		{1F52491C-5F8C-44D5-8928-E47F20834870} = {FBBB313E-E530-4A71-8807-F6ADE585FC47}
		{CC6A420E-5F18-493E-A053-3EFD7E06447F} = {FBBB313E-E530-4A71-8807-F6ADE585FC47}
		{A5C4FD62-DA9D-4DE0-AF57-342D100A8C10} = {BE8CF52D-7448-488B-AED2-215E8E703D3A}
		{2462BD40-7B66-4067-9106-0DDE5D10B6D8} = {3FBBDB50-C3AA-484F-BE09-36BF80A7C92B}
		{B6976E5C-2A57-40E7-B294-1BAE9563F2E7} = {FBBB313E-E530-4A71-8807-F6ADE585FC47}
		{BA6D4B13-0D28-4E18-B7DA-EA3FA85E4D5C} = {FBBB313E-E530-4A71-8807-F6ADE585FC47}
	EndGlobalSection
	GlobalSection(ExtensibilityGlobals) = postSolution
		SolutionGuid = {D88B0B1E-6BC3-45AD-9C25-98CF423F8206}
	EndGlobalSection
EndGlobal
